
Microsoft Visual Studio Solution File, Format Version 12.00
# Visual Studio Version 16
VisualStudioVersion = 16.0.31005.135
MinimumVisualStudioVersion = 10.0.40219.1
Project("{8BC9CEB8-8B4A-11D0-8D11-00A0C91BC942}") = "IncludeOptimizerTestApp", "IncludeOptimizerTestApp\IncludeOptimizerTestApp.vcxproj", "{2F32A287-5D36-4DF2-8E0A-1575EEE4F7AD}"
EndProject
Project("{FAE04EC0-301F-11D3-BF4B-00C04F79EFBC}") = "IncludeOptimizerWinFormsClient", "IncludeOptimizerWinFormsClient\IncludeOptimizerWinFormsClient.csproj", "{BCB46738-6FEA-420F-BB98-61DE75698AB0}"
EndProject
Project("{9A19103F-16F7-4668-BE54-9A1E7A4F7556}") = "IncludeOptimizer", "IncludeOptimizer\IncludeOptimizer.csproj", "{A1090FFD-2034-46D9-847C-578F31B85813}"
EndProject
Project("{FAE04EC0-301F-11D3-BF4B-00C04F79EFBC}") = "UnitTests", "UnitTests\UnitTests.csproj", "{3FD54D2B-876E-441C-995E-0A645066D8A2}"
EndProject
Global
	GlobalSection(SolutionConfigurationPlatforms) = preSolution
		Debug|Any CPU = Debug|Any CPU
		Debug|x64 = Debug|x64
		Debug|x86 = Debug|x86
		Release|Any CPU = Release|Any CPU
		Release|x64 = Release|x64
		Release|x86 = Release|x86
	EndGlobalSection
	GlobalSection(ProjectConfigurationPlatforms) = postSolution
		{2F32A287-5D36-4DF2-8E0A-1575EEE4F7AD}.Debug|Any CPU.ActiveCfg = Debug|Win32
		{2F32A287-5D36-4DF2-8E0A-1575EEE4F7AD}.Debug|x64.ActiveCfg = Debug|x64
		{2F32A287-5D36-4DF2-8E0A-1575EEE4F7AD}.Debug|x64.Build.0 = Debug|x64
		{2F32A287-5D36-4DF2-8E0A-1575EEE4F7AD}.Debug|x86.ActiveCfg = Debug|Win32
		{2F32A287-5D36-4DF2-8E0A-1575EEE4F7AD}.Debug|x86.Build.0 = Debug|Win32
		{2F32A287-5D36-4DF2-8E0A-1575EEE4F7AD}.Release|Any CPU.ActiveCfg = Release|Win32
		{2F32A287-5D36-4DF2-8E0A-1575EEE4F7AD}.Release|x64.ActiveCfg = Release|x64
		{2F32A287-5D36-4DF2-8E0A-1575EEE4F7AD}.Release|x64.Build.0 = Release|x64
		{2F32A287-5D36-4DF2-8E0A-1575EEE4F7AD}.Release|x86.ActiveCfg = Release|Win32
		{2F32A287-5D36-4DF2-8E0A-1575EEE4F7AD}.Release|x86.Build.0 = Release|Win32
		{BCB46738-6FEA-420F-BB98-61DE75698AB0}.Debug|Any CPU.ActiveCfg = Debug|Any CPU
		{BCB46738-6FEA-420F-BB98-61DE75698AB0}.Debug|Any CPU.Build.0 = Debug|Any CPU
		{BCB46738-6FEA-420F-BB98-61DE75698AB0}.Debug|x64.ActiveCfg = Debug|Any CPU
		{BCB46738-6FEA-420F-BB98-61DE75698AB0}.Debug|x64.Build.0 = Debug|Any CPU
		{BCB46738-6FEA-420F-BB98-61DE75698AB0}.Debug|x86.ActiveCfg = Debug|Any CPU
		{BCB46738-6FEA-420F-BB98-61DE75698AB0}.Debug|x86.Build.0 = Debug|Any CPU
		{BCB46738-6FEA-420F-BB98-61DE75698AB0}.Release|Any CPU.ActiveCfg = Release|Any CPU
		{BCB46738-6FEA-420F-BB98-61DE75698AB0}.Release|Any CPU.Build.0 = Release|Any CPU
		{BCB46738-6FEA-420F-BB98-61DE75698AB0}.Release|x64.ActiveCfg = Release|Any CPU
		{BCB46738-6FEA-420F-BB98-61DE75698AB0}.Release|x64.Build.0 = Release|Any CPU
		{BCB46738-6FEA-420F-BB98-61DE75698AB0}.Release|x86.ActiveCfg = Release|Any CPU
		{BCB46738-6FEA-420F-BB98-61DE75698AB0}.Release|x86.Build.0 = Release|Any CPU
		{A1090FFD-2034-46D9-847C-578F31B85813}.Debug|Any CPU.ActiveCfg = Debug|Any CPU
		{A1090FFD-2034-46D9-847C-578F31B85813}.Debug|Any CPU.Build.0 = Debug|Any CPU
		{A1090FFD-2034-46D9-847C-578F31B85813}.Debug|x64.ActiveCfg = Debug|Any CPU
		{A1090FFD-2034-46D9-847C-578F31B85813}.Debug|x64.Build.0 = Debug|Any CPU
		{A1090FFD-2034-46D9-847C-578F31B85813}.Debug|x86.ActiveCfg = Debug|Any CPU
		{A1090FFD-2034-46D9-847C-578F31B85813}.Debug|x86.Build.0 = Debug|Any CPU
		{A1090FFD-2034-46D9-847C-578F31B85813}.Release|Any CPU.ActiveCfg = Release|Any CPU
		{A1090FFD-2034-46D9-847C-578F31B85813}.Release|Any CPU.Build.0 = Release|Any CPU
		{A1090FFD-2034-46D9-847C-578F31B85813}.Release|x64.ActiveCfg = Release|Any CPU
		{A1090FFD-2034-46D9-847C-578F31B85813}.Release|x64.Build.0 = Release|Any CPU
		{A1090FFD-2034-46D9-847C-578F31B85813}.Release|x86.ActiveCfg = Release|Any CPU
		{A1090FFD-2034-46D9-847C-578F31B85813}.Release|x86.Build.0 = Release|Any CPU
		{3FD54D2B-876E-441C-995E-0A645066D8A2}.Debug|Any CPU.ActiveCfg = Debug|Any CPU
		{3FD54D2B-876E-441C-995E-0A645066D8A2}.Debug|Any CPU.Build.0 = Debug|Any CPU
		{3FD54D2B-876E-441C-995E-0A645066D8A2}.Debug|x64.ActiveCfg = Debug|Any CPU
		{3FD54D2B-876E-441C-995E-0A645066D8A2}.Debug|x64.Build.0 = Debug|Any CPU
		{3FD54D2B-876E-441C-995E-0A645066D8A2}.Debug|x86.ActiveCfg = Debug|Any CPU
		{3FD54D2B-876E-441C-995E-0A645066D8A2}.Debug|x86.Build.0 = Debug|Any CPU
		{3FD54D2B-876E-441C-995E-0A645066D8A2}.Release|Any CPU.ActiveCfg = Release|Any CPU
		{3FD54D2B-876E-441C-995E-0A645066D8A2}.Release|Any CPU.Build.0 = Release|Any CPU
		{3FD54D2B-876E-441C-995E-0A645066D8A2}.Release|x64.ActiveCfg = Release|Any CPU
		{3FD54D2B-876E-441C-995E-0A645066D8A2}.Release|x64.Build.0 = Release|Any CPU
		{3FD54D2B-876E-441C-995E-0A645066D8A2}.Release|x86.ActiveCfg = Release|Any CPU
		{3FD54D2B-876E-441C-995E-0A645066D8A2}.Release|x86.Build.0 = Release|Any CPU
	EndGlobalSection
	GlobalSection(SolutionProperties) = preSolution
		HideSolutionNode = FALSE
	EndGlobalSection
	GlobalSection(ExtensibilityGlobals) = postSolution
		SolutionGuid = {2A606B0D-AC3E-4DE5-922D-539168B81D4C}
	EndGlobalSection
EndGlobal
